
Microsoft Visual Studio Solution File, Format Version 12.00
# Visual Studio Version 16
VisualStudioVersion = 16.0.29613.14
MinimumVisualStudioVersion = 10.0.40219.1
Project("{FAE04EC0-301F-11D3-BF4B-00C04F79EFBC}") = "SuperFlange", "SuperFlange\SuperFlange.csproj", "{E2D90938-7A19-48DF-AED9-57BC0D791E1E}"
EndProject
Project("{2150E333-8FDC-42A3-9474-1A3956D46DE8}") = "Solution Items", "Solution Items", "{AC3E9494-B4BF-4A47-8CC4-1CAA292E22D0}"
	ProjectSection(SolutionItems) = preProject
		.editorconfig = .editorconfig
	EndProjectSection
EndProject
Global
	GlobalSection(SolutionConfigurationPlatforms) = preSolution
		Debug|Any CPU = Debug|Any CPU
		Debug|x64 = Debug|x64
		Release|Any CPU = Release|Any CPU
		Release|x64 = Release|x64
	EndGlobalSection
	GlobalSection(ProjectConfigurationPlatforms) = postSolution
		{E2D90938-7A19-48DF-AED9-57BC0D791E1E}.Debug|Any CPU.ActiveCfg = Debug|Any CPU
		{E2D90938-7A19-48DF-AED9-57BC0D791E1E}.Debug|Any CPU.Build.0 = Debug|Any CPU
		{E2D90938-7A19-48DF-AED9-57BC0D791E1E}.Debug|x64.ActiveCfg = Debug|x64
		{E2D90938-7A19-48DF-AED9-57BC0D791E1E}.Debug|x64.Build.0 = Debug|x64
		{E2D90938-7A19-48DF-AED9-57BC0D791E1E}.Release|Any CPU.ActiveCfg = Release|Any CPU
		{E2D90938-7A19-48DF-AED9-57BC0D791E1E}.Release|Any CPU.Build.0 = Release|Any CPU
		{E2D90938-7A19-48DF-AED9-57BC0D791E1E}.Release|x64.ActiveCfg = Release|x64
		{E2D90938-7A19-48DF-AED9-57BC0D791E1E}.Release|x64.Build.0 = Release|x64
	EndGlobalSection
	GlobalSection(SolutionProperties) = preSolution
		HideSolutionNode = FALSE
	EndGlobalSection
	GlobalSection(ExtensibilityGlobals) = postSolution
		SolutionGuid = {338679F0-55DB-4D77-8EE0-A8C9D067C4E6}
	EndGlobalSection
EndGlobal
